
Microsoft Visual Studio Solution File, Format Version 12.00
# Visual Studio Version 17
VisualStudioVersion = 17.7.34024.191
MinimumVisualStudioVersion = 10.0.40219.1
Project("{FAE04EC0-301F-11D3-BF4B-00C04F79EFBC}") = "lab2_Testing", "lab2_Testing.csproj", "{957CEBF6-48CB-48A3-B9F9-DEBB2B9CA331}"
EndProject
Global
	GlobalSection(SolutionConfigurationPlatforms) = preSolution
		Debug|Any CPU = Debug|Any CPU
		Release|Any CPU = Release|Any CPU
	EndGlobalSection
	GlobalSection(ProjectConfigurationPlatforms) = postSolution
		{957CEBF6-48CB-48A3-B9F9-DEBB2B9CA331}.Debug|Any CPU.ActiveCfg = Debug|Any CPU
		{957CEBF6-48CB-48A3-B9F9-DEBB2B9CA331}.Debug|Any CPU.Build.0 = Debug|Any CPU
		{957CEBF6-48CB-48A3-B9F9-DEBB2B9CA331}.Release|Any CPU.ActiveCfg = Release|Any CPU
		{957CEBF6-48CB-48A3-B9F9-DEBB2B9CA331}.Release|Any CPU.Build.0 = Release|Any CPU
	EndGlobalSection
	GlobalSection(SolutionProperties) = preSolution
		HideSolutionNode = FALSE
	EndGlobalSection
	GlobalSection(ExtensibilityGlobals) = postSolution
		SolutionGuid = {1337E895-3DB2-4054-9041-FEF13BF0F74C}
	EndGlobalSection
EndGlobal
